
Microsoft Visual Studio Solution File, Format Version 12.00
# Visual Studio Version 16
VisualStudioVersion = 16.0.29613.14
MinimumVisualStudioVersion = 10.0.40219.1
Project("{FAE04EC0-301F-11D3-BF4B-00C04F79EFBC}") = "Client", "Client\Client.csproj", "{61542E24-9987-4F4D-8E73-DD708D716522}"
EndProject
Project("{FAE04EC0-301F-11D3-BF4B-00C04F79EFBC}") = "WebAPI", "WebAPI\WebAPI.csproj", "{0E6CD55F-1242-4827-AA6C-2ADDD0B0D82D}"
EndProject
Global
	GlobalSection(SolutionConfigurationPlatforms) = preSolution
		Debug|Any CPU = Debug|Any CPU
		Release|Any CPU = Release|Any CPU
	EndGlobalSection
	GlobalSection(ProjectConfigurationPlatforms) = postSolution
		{61542E24-9987-4F4D-8E73-DD708D716522}.Debug|Any CPU.ActiveCfg = Debug|Any CPU
		{61542E24-9987-4F4D-8E73-DD708D716522}.Debug|Any CPU.Build.0 = Debug|Any CPU
		{61542E24-9987-4F4D-8E73-DD708D716522}.Release|Any CPU.ActiveCfg = Release|Any CPU
		{61542E24-9987-4F4D-8E73-DD708D716522}.Release|Any CPU.Build.0 = Release|Any CPU
		{0E6CD55F-1242-4827-AA6C-2ADDD0B0D82D}.Debug|Any CPU.ActiveCfg = Debug|Any CPU
		{0E6CD55F-1242-4827-AA6C-2ADDD0B0D82D}.Debug|Any CPU.Build.0 = Debug|Any CPU
		{0E6CD55F-1242-4827-AA6C-2ADDD0B0D82D}.Release|Any CPU.ActiveCfg = Release|Any CPU
		{0E6CD55F-1242-4827-AA6C-2ADDD0B0D82D}.Release|Any CPU.Build.0 = Release|Any CPU
	EndGlobalSection
	GlobalSection(SolutionProperties) = preSolution
		HideSolutionNode = FALSE
	EndGlobalSection
	GlobalSection(ExtensibilityGlobals) = postSolution
		SolutionGuid = {65D3AACF-D0C0-467A-B848-4801821705B8}
	EndGlobalSection
EndGlobal
